
Microsoft Visual Studio Solution File, Format Version 12.00
# Visual Studio Version 17
VisualStudioVersion = 17.3.32929.385
MinimumVisualStudioVersion = 10.0.40219.1
Project("{FAE04EC0-301F-11D3-BF4B-00C04F79EFBC}") = "Vista", "Vista\Vista.csproj", "{6565397A-AE6F-4CDB-8FCB-B9B95B862F73}"
EndProject
Global
	GlobalSection(SolutionConfigurationPlatforms) = preSolution
		Debug|Any CPU = Debug|Any CPU
		Release|Any CPU = Release|Any CPU
	EndGlobalSection
	GlobalSection(ProjectConfigurationPlatforms) = postSolution
		{6565397A-AE6F-4CDB-8FCB-B9B95B862F73}.Debug|Any CPU.ActiveCfg = Debug|Any CPU
		{6565397A-AE6F-4CDB-8FCB-B9B95B862F73}.Debug|Any CPU.Build.0 = Debug|Any CPU
		{6565397A-AE6F-4CDB-8FCB-B9B95B862F73}.Release|Any CPU.ActiveCfg = Release|Any CPU
		{6565397A-AE6F-4CDB-8FCB-B9B95B862F73}.Release|Any CPU.Build.0 = Release|Any CPU
	EndGlobalSection
	GlobalSection(SolutionProperties) = preSolution
		HideSolutionNode = FALSE
	EndGlobalSection
	GlobalSection(ExtensibilityGlobals) = postSolution
		SolutionGuid = {7EE9C941-82DD-4CF1-8137-917CD427DA0F}
	EndGlobalSection
EndGlobal
